
Microsoft Visual Studio Solution File, Format Version 12.00
# Visual Studio Version 17
VisualStudioVersion = 17.6.33723.286
MinimumVisualStudioVersion = 10.0.40219.1
Project("{FAE04EC0-301F-11D3-BF4B-00C04F79EFBC}") = "SuperHeroAPI", "SuperHeroAPI\SuperHeroAPI.csproj", "{FEF85B98-63E7-4D52-A82F-C0CD1CE233CA}"
EndProject
Global
	GlobalSection(SolutionConfigurationPlatforms) = preSolution
		Debug|Any CPU = Debug|Any CPU
		Release|Any CPU = Release|Any CPU
	EndGlobalSection
	GlobalSection(ProjectConfigurationPlatforms) = postSolution
		{FEF85B98-63E7-4D52-A82F-C0CD1CE233CA}.Debug|Any CPU.ActiveCfg = Debug|Any CPU
		{FEF85B98-63E7-4D52-A82F-C0CD1CE233CA}.Debug|Any CPU.Build.0 = Debug|Any CPU
		{FEF85B98-63E7-4D52-A82F-C0CD1CE233CA}.Release|Any CPU.ActiveCfg = Release|Any CPU
		{FEF85B98-63E7-4D52-A82F-C0CD1CE233CA}.Release|Any CPU.Build.0 = Release|Any CPU
	EndGlobalSection
	GlobalSection(SolutionProperties) = preSolution
		HideSolutionNode = FALSE
	EndGlobalSection
	GlobalSection(ExtensibilityGlobals) = postSolution
		SolutionGuid = {8AFDA0EC-337F-45B5-A86B-AE3474FDC3CE}
	EndGlobalSection
EndGlobal
